
Microsoft Visual Studio Solution File, Format Version 12.00
# Visual Studio Version 17
VisualStudioVersion = 17.14.36705.20
MinimumVisualStudioVersion = 10.0.40219.1
Project("{FAE04EC0-301F-11D3-BF4B-00C04F79EFBC}") = "ScreenSearchTool", "ScreenSearchTool\ScreenSearchTool.csproj", "{33EA7863-AFFE-484E-A4CE-7EAD188106A2}"
EndProject
Global
	GlobalSection(SolutionConfigurationPlatforms) = preSolution
		All|Any CPU = All|Any CPU
		Debug|Any CPU = Debug|Any CPU
		Release|Any CPU = Release|Any CPU
	EndGlobalSection
	GlobalSection(ProjectConfigurationPlatforms) = postSolution
		{33EA7863-AFFE-484E-A4CE-7EAD188106A2}.All|Any CPU.ActiveCfg = Debug|Any CPU
		{33EA7863-AFFE-484E-A4CE-7EAD188106A2}.All|Any CPU.Build.0 = Debug|Any CPU
		{33EA7863-AFFE-484E-A4CE-7EAD188106A2}.Debug|Any CPU.ActiveCfg = Debug|Any CPU
		{33EA7863-AFFE-484E-A4CE-7EAD188106A2}.Debug|Any CPU.Build.0 = Debug|Any CPU
		{33EA7863-AFFE-484E-A4CE-7EAD188106A2}.Release|Any CPU.ActiveCfg = Release|Any CPU
		{33EA7863-AFFE-484E-A4CE-7EAD188106A2}.Release|Any CPU.Build.0 = Release|Any CPU
	EndGlobalSection
	GlobalSection(SolutionProperties) = preSolution
		HideSolutionNode = FALSE
	EndGlobalSection
	GlobalSection(ExtensibilityGlobals) = postSolution
		SolutionGuid = {74E4CDCA-2FDA-47D5-AFCB-2BF4EEFF805A}
	EndGlobalSection
EndGlobal
